// !$*UTF8*$!
{
	archiveVersion = 1;
	classes = {
	};
	objectVersion = 55;
	objects = {

/* Begin PBXBuildFile section */
		264688C828499CAB006E2E80 /* Firebase_Barebones_SwiftUIApp.swift in Sources */ = {isa = PBXBuildFile; fileRef = 264688C728499CAB006E2E80 /* Firebase_Barebones_SwiftUIApp.swift */; };
		264688CC28499CAD006E2E80 /* Assets.xcassets in Resources */ = {isa = PBXBuildFile; fileRef = 264688CB28499CAD006E2E80 /* Assets.xcassets */; };
		264688CF28499CAD006E2E80 /* Preview Assets.xcassets in Resources */ = {isa = PBXBuildFile; fileRef = 264688CE28499CAD006E2E80 /* Preview Assets.xcassets */; };
		266BF0982850206700E21A21 /* FirebaseFirestore in Frameworks */ = {isa = PBXBuildFile; productRef = 266BF0972850206700E21A21 /* FirebaseFirestore */; };
		269E6020285034BC008DB99C /* badwords.json in Resources */ = {isa = PBXBuildFile; fileRef = 269E601F285034BC008DB99C /* badwords.json */; };
		269E602928506CA2008DB99C /* PostButton.swift in Sources */ = {isa = PBXBuildFile; fileRef = 269E602828506CA2008DB99C /* PostButton.swift */; };
		26A40AB82849E0A900F7A0D7 /* GoogleService-Info.plist in Resources */ = {isa = PBXBuildFile; fileRef = 26A40AB32849E0A900F7A0D7 /* GoogleService-Info.plist */; };
		26A40AB92849E0A900F7A0D7 /* PostListView.swift in Sources */ = {isa = PBXBuildFile; fileRef = 26A40AB42849E0A900F7A0D7 /* PostListView.swift */; };
		26A40ABA2849E0A900F7A0D7 /* UploadPostView.swift in Sources */ = {isa = PBXBuildFile; fileRef = 26A40AB52849E0A900F7A0D7 /* UploadPostView.swift */; };
		26A40ABB2849E0A900F7A0D7 /* UpdatePostView.swift in Sources */ = {isa = PBXBuildFile; fileRef = 26A40AB62849E0A900F7A0D7 /* UpdatePostView.swift */; };
		26A40ABC2849E0A900F7A0D7 /* DetailPostView.swift in Sources */ = {isa = PBXBuildFile; fileRef = 26A40AB72849E0A900F7A0D7 /* DetailPostView.swift */; };
		26A40ABF2849E54A00F7A0D7 /* PostViewModel.swift in Sources */ = {isa = PBXBuildFile; fileRef = 26A40ABE2849E54A00F7A0D7 /* PostViewModel.swift */; };
		26A40AC32849E57900F7A0D7 /* PostModel.swift in Sources */ = {isa = PBXBuildFile; fileRef = 26A40AC22849E57900F7A0D7 /* PostModel.swift */; };
/* End PBXBuildFile section */

/* Begin PBXFileReference section */
		264688C428499CAB006E2E80 /* Firebase_Barebones_SwiftUI.app */ = {isa = PBXFileReference; explicitFileType = wrapper.application; includeInIndex = 0; path = Firebase_Barebones_SwiftUI.app; sourceTree = BUILT_PRODUCTS_DIR; };
		264688C728499CAB006E2E80 /* Firebase_Barebones_SwiftUIApp.swift */ = {isa = PBXFileReference; lastKnownFileType = sourcecode.swift; path = Firebase_Barebones_SwiftUIApp.swift; sourceTree = "<group>"; };
		264688CB28499CAD006E2E80 /* Assets.xcassets */ = {isa = PBXFileReference; lastKnownFileType = folder.assetcatalog; path = Assets.xcassets; sourceTree = "<group>"; };
		264688CE28499CAD006E2E80 /* Preview Assets.xcassets */ = {isa = PBXFileReference; lastKnownFileType = folder.assetcatalog; path = "Preview Assets.xcassets"; sourceTree = "<group>"; };
		269E601F285034BC008DB99C /* badwords.json */ = {isa = PBXFileReference; fileEncoding = 4; lastKnownFileType = text.json; path = badwords.json; sourceTree = "<group>"; };
		269E602828506CA2008DB99C /* PostButton.swift */ = {isa = PBXFileReference; lastKnownFileType = sourcecode.swift; path = PostButton.swift; sourceTree = "<group>"; };
		26A40AB32849E0A900F7A0D7 /* GoogleService-Info.plist */ = {isa = PBXFileReference; fileEncoding = 4; lastKnownFileType = text.plist.xml; path = "GoogleService-Info.plist"; sourceTree = "<group>"; };
		26A40AB42849E0A900F7A0D7 /* PostListView.swift */ = {isa = PBXFileReference; fileEncoding = 4; lastKnownFileType = sourcecode.swift; path = PostListView.swift; sourceTree = "<group>"; };
		26A40AB52849E0A900F7A0D7 /* UploadPostView.swift */ = {isa = PBXFileReference; fileEncoding = 4; lastKnownFileType = sourcecode.swift; path = UploadPostView.swift; sourceTree = "<group>"; };
		26A40AB62849E0A900F7A0D7 /* UpdatePostView.swift */ = {isa = PBXFileReference; fileEncoding = 4; lastKnownFileType = sourcecode.swift; path = UpdatePostView.swift; sourceTree = "<group>"; };
		26A40AB72849E0A900F7A0D7 /* DetailPostView.swift */ = {isa = PBXFileReference; fileEncoding = 4; lastKnownFileType = sourcecode.swift; path = DetailPostView.swift; sourceTree = "<group>"; };
		26A40ABE2849E54A00F7A0D7 /* PostViewModel.swift */ = {isa = PBXFileReference; lastKnownFileType = sourcecode.swift; path = PostViewModel.swift; sourceTree = "<group>"; };
		26A40AC22849E57900F7A0D7 /* PostModel.swift */ = {isa = PBXFileReference; lastKnownFileType = sourcecode.swift; path = PostModel.swift; sourceTree = "<group>"; };
/* End PBXFileReference section */

/* Begin PBXFrameworksBuildPhase section */
		264688C128499CAB006E2E80 /* Frameworks */ = {
			isa = PBXFrameworksBuildPhase;
			buildActionMask = 2147483647;
			files = (
				266BF0982850206700E21A21 /* FirebaseFirestore in Frameworks */,
			);
			runOnlyForDeploymentPostprocessing = 0;
		};
/* End PBXFrameworksBuildPhase section */

/* Begin PBXGroup section */
		264688BB28499CAB006E2E80 = {
			isa = PBXGroup;
			children = (
				264688C628499CAB006E2E80 /* Firebase_Barebones_SwiftUI */,
				264688C528499CAB006E2E80 /* Products */,
			);
			sourceTree = "<group>";
		};
		264688C528499CAB006E2E80 /* Products */ = {
			isa = PBXGroup;
			children = (
				264688C428499CAB006E2E80 /* Firebase_Barebones_SwiftUI.app */,
			);
			name = Products;
			sourceTree = "<group>";
		};
		264688C628499CAB006E2E80 /* Firebase_Barebones_SwiftUI */ = {
			isa = PBXGroup;
			children = (
				264688C728499CAB006E2E80 /* Firebase_Barebones_SwiftUIApp.swift */,
				269E602428506A44008DB99C /* UI */,
				269E602328505FA3008DB99C /* ViewModel */,
				269E602228505F9E008DB99C /* Model */,
				264688CB28499CAD006E2E80 /* Assets.xcassets */,
				26A40AB32849E0A900F7A0D7 /* GoogleService-Info.plist */,
				269E601F285034BC008DB99C /* badwords.json */,
				264688CD28499CAD006E2E80 /* Preview Content */,
			);
			path = Firebase_Barebones_SwiftUI;
			sourceTree = "<group>";
		};
		264688CD28499CAD006E2E80 /* Preview Content */ = {
			isa = PBXGroup;
			children = (
				264688CE28499CAD006E2E80 /* Preview Assets.xcassets */,
			);
			path = "Preview Content";
			sourceTree = "<group>";
		};
		269E602128505F99008DB99C /* View */ = {
			isa = PBXGroup;
			children = (
				26A40AB42849E0A900F7A0D7 /* PostListView.swift */,
				26A40AB72849E0A900F7A0D7 /* DetailPostView.swift */,
				26A40AB52849E0A900F7A0D7 /* UploadPostView.swift */,
				26A40AB62849E0A900F7A0D7 /* UpdatePostView.swift */,
			);
			path = View;
			sourceTree = "<group>";
		};
		269E602228505F9E008DB99C /* Model */ = {
			isa = PBXGroup;
			children = (
				26A40AC22849E57900F7A0D7 /* PostModel.swift */,
			);
			path = Model;
			sourceTree = "<group>";
		};
		269E602328505FA3008DB99C /* ViewModel */ = {
			isa = PBXGroup;
			children = (
				26A40ABE2849E54A00F7A0D7 /* PostViewModel.swift */,
			);
			path = ViewModel;
			sourceTree = "<group>";
		};
		269E602428506A44008DB99C /* UI */ = {
			isa = PBXGroup;
			children = (
				269E602528506A4B008DB99C /* Components */,
				269E602128505F99008DB99C /* View */,
			);
			path = UI;
			sourceTree = "<group>";
		};
		269E602528506A4B008DB99C /* Components */ = {
			isa = PBXGroup;
			children = (
				269E602828506CA2008DB99C /* PostButton.swift */,
			);
			path = Components;
			sourceTree = "<group>";
		};
/* End PBXGroup section */

/* Begin PBXNativeTarget section */
		264688C328499CAB006E2E80 /* Firebase_Barebones_SwiftUI */ = {
			isa = PBXNativeTarget;
			buildConfigurationList = 264688D228499CAD006E2E80 /* Build configuration list for PBXNativeTarget "Firebase_Barebones_SwiftUI" */;
			buildPhases = (
				264688C028499CAB006E2E80 /* Sources */,
				264688C128499CAB006E2E80 /* Frameworks */,
				264688C228499CAB006E2E80 /* Resources */,
			);
			buildRules = (
			);
			dependencies = (
			);
			name = Firebase_Barebones_SwiftUI;
			packageProductDependencies = (
				266BF0972850206700E21A21 /* FirebaseFirestore */,
			);
			productName = Firebase_Barebones_SwiftUI;
			productReference = 264688C428499CAB006E2E80 /* Firebase_Barebones_SwiftUI.app */;
			productType = "com.apple.product-type.application";
		};
/* End PBXNativeTarget section */

/* Begin PBXProject section */
		264688BC28499CAB006E2E80 /* Project object */ = {
			isa = PBXProject;
			attributes = {
				BuildIndependentTargetsInParallel = 1;
				LastSwiftUpdateCheck = 1330;
				LastUpgradeCheck = 1330;
				TargetAttributes = {
					264688C328499CAB006E2E80 = {
						CreatedOnToolsVersion = 13.3.1;
					};
				};
			};
			buildConfigurationList = 264688BF28499CAB006E2E80 /* Build configuration list for PBXProject "Firebase_Barebones_SwiftUI" */;
			compatibilityVersion = "Xcode 13.0";
			developmentRegion = en;
			hasScannedForEncodings = 0;
			knownRegions = (
				en,
				Base,
			);
			mainGroup = 264688BB28499CAB006E2E80;
			packageReferences = (
				266BF0962850206700E21A21 /* XCRemoteSwiftPackageReference "firebase-ios-sdk" */,
			);
			productRefGroup = 264688C528499CAB006E2E80 /* Products */;
			projectDirPath = "";
			projectRoot = "";
			targets = (
				264688C328499CAB006E2E80 /* Firebase_Barebones_SwiftUI */,
			);
		};
/* End PBXProject section */

/* Begin PBXResourcesBuildPhase section */
		264688C228499CAB006E2E80 /* Resources */ = {
			isa = PBXResourcesBuildPhase;
			buildActionMask = 2147483647;
			files = (
				264688CF28499CAD006E2E80 /* Preview Assets.xcassets in Resources */,
				264688CC28499CAD006E2E80 /* Assets.xcassets in Resources */,
				26A40AB82849E0A900F7A0D7 /* GoogleService-Info.plist in Resources */,
				269E6020285034BC008DB99C /* badwords.json in Resources */,
			);
			runOnlyForDeploymentPostprocessing = 0;
		};
/* End PBXResourcesBuildPhase section */

/* Begin PBXSourcesBuildPhase section */
		264688C028499CAB006E2E80 /* Sources */ = {
			isa = PBXSourcesBuildPhase;
			buildActionMask = 2147483647;
			files = (
				26A40ABF2849E54A00F7A0D7 /* PostViewModel.swift in Sources */,
				26A40AB92849E0A900F7A0D7 /* PostListView.swift in Sources */,
				26A40ABA2849E0A900F7A0D7 /* UploadPostView.swift in Sources */,
				26A40AC32849E57900F7A0D7 /* PostModel.swift in Sources */,
				264688C828499CAB006E2E80 /* Firebase_Barebones_SwiftUIApp.swift in Sources */,
				269E602928506CA2008DB99C /* PostButton.swift in Sources */,
				26A40ABC2849E0A900F7A0D7 /* DetailPostView.swift in Sources */,
				26A40ABB2849E0A900F7A0D7 /* UpdatePostView.swift in Sources */,
			);
			runOnlyForDeploymentPostprocessing = 0;
		};
/* End PBXSourcesBuildPhase section */

/* Begin XCBuildConfiguration section */
		264688D028499CAD006E2E80 /* Debug */ = {
			isa = XCBuildConfiguration;
			buildSettings = {
				ALWAYS_SEARCH_USER_PATHS = NO;
				CLANG_ANALYZER_NONNULL = YES;
				CLANG_ANALYZER_NUMBER_OBJECT_CONVERSION = YES_AGGRESSIVE;
				CLANG_CXX_LANGUAGE_STANDARD = "gnu++17";
				CLANG_ENABLE_MODULES = YES;
				CLANG_ENABLE_OBJC_ARC = YES;
				CLANG_ENABLE_OBJC_WEAK = YES;
				CLANG_WARN_BLOCK_CAPTURE_AUTORELEASING = YES;
				CLANG_WARN_BOOL_CONVERSION = YES;
				CLANG_WARN_COMMA = YES;
				CLANG_WARN_CONSTANT_CONVERSION = YES;
				CLANG_WARN_DEPRECATED_OBJC_IMPLEMENTATIONS = YES;
				CLANG_WARN_DIRECT_OBJC_ISA_USAGE = YES_ERROR;
				CLANG_WARN_DOCUMENTATION_COMMENTS = YES;
				CLANG_WARN_EMPTY_BODY = YES;
				CLANG_WARN_ENUM_CONVERSION = YES;
				CLANG_WARN_INFINITE_RECURSION = YES;
				CLANG_WARN_INT_CONVERSION = YES;
				CLANG_WARN_NON_LITERAL_NULL_CONVERSION = YES;
				CLANG_WARN_OBJC_IMPLICIT_RETAIN_SELF = YES;
				CLANG_WARN_OBJC_LITERAL_CONVERSION = YES;
				CLANG_WARN_OBJC_ROOT_CLASS = YES_ERROR;
				CLANG_WARN_QUOTED_INCLUDE_IN_FRAMEWORK_HEADER = YES;
				CLANG_WARN_RANGE_LOOP_ANALYSIS = YES;
				CLANG_WARN_STRICT_PROTOTYPES = YES;
				CLANG_WARN_SUSPICIOUS_MOVE = YES;
				CLANG_WARN_UNGUARDED_AVAILABILITY = YES_AGGRESSIVE;
				CLANG_WARN_UNREACHABLE_CODE = YES;
				CLANG_WARN__DUPLICATE_METHOD_MATCH = YES;
				COPY_PHASE_STRIP = NO;
				DEBUG_INFORMATION_FORMAT = dwarf;
				ENABLE_STRICT_OBJC_MSGSEND = YES;
				ENABLE_TESTABILITY = YES;
				GCC_C_LANGUAGE_STANDARD = gnu11;
				GCC_DYNAMIC_NO_PIC = NO;
				GCC_NO_COMMON_BLOCKS = YES;
				GCC_OPTIMIZATION_LEVEL = 0;
				GCC_PREPROCESSOR_DEFINITIONS = (
					"DEBUG=1",
					"$(inherited)",
				);
				GCC_WARN_64_TO_32_BIT_CONVERSION = YES;
				GCC_WARN_ABOUT_RETURN_TYPE = YES_ERROR;
				GCC_WARN_UNDECLARED_SELECTOR = YES;
				GCC_WARN_UNINITIALIZED_AUTOS = YES_AGGRESSIVE;
				GCC_WARN_UNUSED_FUNCTION = YES;
				GCC_WARN_UNUSED_VARIABLE = YES;
				IPHONEOS_DEPLOYMENT_TARGET = 15.4;
				MTL_ENABLE_DEBUG_INFO = INCLUDE_SOURCE;
				MTL_FAST_MATH = YES;
				ONLY_ACTIVE_ARCH = YES;
				SDKROOT = iphoneos;
				SWIFT_ACTIVE_COMPILATION_CONDITIONS = DEBUG;
				SWIFT_OPTIMIZATION_LEVEL = "-Onone";
			};
			name = Debug;
		};
		264688D128499CAD006E2E80 /* Release */ = {
			isa = XCBuildConfiguration;
			buildSettings = {
				ALWAYS_SEARCH_USER_PATHS = NO;
				CLANG_ANALYZER_NONNULL = YES;
				CLANG_ANALYZER_NUMBER_OBJECT_CONVERSION = YES_AGGRESSIVE;
				CLANG_CXX_LANGUAGE_STANDARD = "gnu++17";
				CLANG_ENABLE_MODULES = YES;
				CLANG_ENABLE_OBJC_ARC = YES;
				CLANG_ENABLE_OBJC_WEAK = YES;
				CLANG_WARN_BLOCK_CAPTURE_AUTORELEASING = YES;
				CLANG_WARN_BOOL_CONVERSION = YES;
				CLANG_WARN_COMMA = YES;
				CLANG_WARN_CONSTANT_CONVERSION = YES;
				CLANG_WARN_DEPRECATED_OBJC_IMPLEMENTATIONS = YES;
				CLANG_WARN_DIRECT_OBJC_ISA_USAGE = YES_ERROR;
				CLANG_WARN_DOCUMENTATION_COMMENTS = YES;
				CLANG_WARN_EMPTY_BODY = YES;
				CLANG_WARN_ENUM_CONVERSION = YES;
				CLANG_WARN_INFINITE_RECURSION = YES;
				CLANG_WARN_INT_CONVERSION = YES;
				CLANG_WARN_NON_LITERAL_NULL_CONVERSION = YES;
				CLANG_WARN_OBJC_IMPLICIT_RETAIN_SELF = YES;
				CLANG_WARN_OBJC_LITERAL_CONVERSION = YES;
				CLANG_WARN_OBJC_ROOT_CLASS = YES_ERROR;
				CLANG_WARN_QUOTED_INCLUDE_IN_FRAMEWORK_HEADER = YES;
				CLANG_WARN_RANGE_LOOP_ANALYSIS = YES;
				CLANG_WARN_STRICT_PROTOTYPES = YES;
				CLANG_WARN_SUSPICIOUS_MOVE = YES;
				CLANG_WARN_UNGUARDED_AVAILABILITY = YES_AGGRESSIVE;
				CLANG_WARN_UNREACHABLE_CODE = YES;
				CLANG_WARN__DUPLICATE_METHOD_MATCH = YES;
				COPY_PHASE_STRIP = NO;
				DEBUG_INFORMATION_FORMAT = "dwarf-with-dsym";
				ENABLE_NS_ASSERTIONS = NO;
				ENABLE_STRICT_OBJC_MSGSEND = YES;
				GCC_C_LANGUAGE_STANDARD = gnu11;
				GCC_NO_COMMON_BLOCKS = YES;
				GCC_WARN_64_TO_32_BIT_CONVERSION = YES;
				GCC_WARN_ABOUT_RETURN_TYPE = YES_ERROR;
				GCC_WARN_UNDECLARED_SELECTOR = YES;
				GCC_WARN_UNINITIALIZED_AUTOS = YES_AGGRESSIVE;
				GCC_WARN_UNUSED_FUNCTION = YES;
				GCC_WARN_UNUSED_VARIABLE = YES;
				IPHONEOS_DEPLOYMENT_TARGET = 15.4;
				MTL_ENABLE_DEBUG_INFO = NO;
				MTL_FAST_MATH = YES;
				SDKROOT = iphoneos;
				SWIFT_COMPILATION_MODE = wholemodule;
				SWIFT_OPTIMIZATION_LEVEL = "-O";
				VALIDATE_PRODUCT = YES;
			};
			name = Release;
		};
		264688D328499CAD006E2E80 /* Debug */ = {
			isa = XCBuildConfiguration;
			buildSettings = {
				ASSETCATALOG_COMPILER_APPICON_NAME = AppIcon;
				ASSETCATALOG_COMPILER_GLOBAL_ACCENT_COLOR_NAME = AccentColor;
				CODE_SIGN_STYLE = Automatic;
				CURRENT_PROJECT_VERSION = 1;
				DEVELOPMENT_ASSET_PATHS = "\"Firebase_Barebones_SwiftUI/Preview Content\"";
				DEVELOPMENT_TEAM = 9GHM5422CF;
				ENABLE_PREVIEWS = YES;
				GENERATE_INFOPLIST_FILE = YES;
				INFOPLIST_KEY_UIApplicationSceneManifest_Generation = YES;
				INFOPLIST_KEY_UIApplicationSupportsIndirectInputEvents = YES;
				INFOPLIST_KEY_UILaunchScreen_Generation = YES;
				INFOPLIST_KEY_UISupportedInterfaceOrientations_iPad = "UIInterfaceOrientationPortrait UIInterfaceOrientationPortraitUpsideDown UIInterfaceOrientationLandscapeLeft UIInterfaceOrientationLandscapeRight";
				INFOPLIST_KEY_UISupportedInterfaceOrientations_iPhone = "UIInterfaceOrientationPortrait UIInterfaceOrientationLandscapeLeft UIInterfaceOrientationLandscapeRight";
				LD_RUNPATH_SEARCH_PATHS = (
					"$(inherited)",
					"@executable_path/Frameworks",
				);
				MARKETING_VERSION = 1.0;
				PRODUCT_BUNDLE_IDENTIFIER = roun.memoApp;
				PRODUCT_NAME = "$(TARGET_NAME)";
				SWIFT_EMIT_LOC_STRINGS = YES;
				SWIFT_VERSION = 5.0;
				TARGETED_DEVICE_FAMILY = "1,2";
			};
			name = Debug;
		};
		264688D428499CAD006E2E80 /* Release */ = {
			isa = XCBuildConfiguration;
			buildSettings = {
				ASSETCATALOG_COMPILER_APPICON_NAME = AppIcon;
				ASSETCATALOG_COMPILER_GLOBAL_ACCENT_COLOR_NAME = AccentColor;
				CODE_SIGN_STYLE = Automatic;
				CURRENT_PROJECT_VERSION = 1;
				DEVELOPMENT_ASSET_PATHS = "\"Firebase_Barebones_SwiftUI/Preview Content\"";
				DEVELOPMENT_TEAM = 9GHM5422CF;
				ENABLE_PREVIEWS = YES;
				GENERATE_INFOPLIST_FILE = YES;
				INFOPLIST_KEY_UIApplicationSceneManifest_Generation = YES;
				INFOPLIST_KEY_UIApplicationSupportsIndirectInputEvents = YES;
				INFOPLIST_KEY_UILaunchScreen_Generation = YES;
				INFOPLIST_KEY_UISupportedInterfaceOrientations_iPad = "UIInterfaceOrientationPortrait UIInterfaceOrientationPortraitUpsideDown UIInterfaceOrientationLandscapeLeft UIInterfaceOrientationLandscapeRight";
				INFOPLIST_KEY_UISupportedInterfaceOrientations_iPhone = "UIInterfaceOrientationPortrait UIInterfaceOrientationLandscapeLeft UIInterfaceOrientationLandscapeRight";
				LD_RUNPATH_SEARCH_PATHS = (
					"$(inherited)",
					"@executable_path/Frameworks",
				);
				MARKETING_VERSION = 1.0;
				PRODUCT_BUNDLE_IDENTIFIER = roun.memoApp;
				PRODUCT_NAME = "$(TARGET_NAME)";
				SWIFT_EMIT_LOC_STRINGS = YES;
				SWIFT_VERSION = 5.0;
				TARGETED_DEVICE_FAMILY = "1,2";
			};
			name = Release;
		};
/* End XCBuildConfiguration section */

/* Begin XCConfigurationList section */
		264688BF28499CAB006E2E80 /* Build configuration list for PBXProject "Firebase_Barebones_SwiftUI" */ = {
			isa = XCConfigurationList;
			buildConfigurations = (
				264688D028499CAD006E2E80 /* Debug */,
				264688D128499CAD006E2E80 /* Release */,
			);
			defaultConfigurationIsVisible = 0;
			defaultConfigurationName = Release;
		};
		264688D228499CAD006E2E80 /* Build configuration list for PBXNativeTarget "Firebase_Barebones_SwiftUI" */ = {
			isa = XCConfigurationList;
			buildConfigurations = (
				264688D328499CAD006E2E80 /* Debug */,
				264688D428499CAD006E2E80 /* Release */,
			);
			defaultConfigurationIsVisible = 0;
			defaultConfigurationName = Release;
		};
/* End XCConfigurationList section */

/* Begin XCRemoteSwiftPackageReference section */
		266BF0962850206700E21A21 /* XCRemoteSwiftPackageReference "firebase-ios-sdk" */ = {
			isa = XCRemoteSwiftPackageReference;
			repositoryURL = "https://github.com/firebase/firebase-ios-sdk";
			requirement = {
				branch = master;
				kind = branch;
			};
		};
/* End XCRemoteSwiftPackageReference section */

/* Begin XCSwiftPackageProductDependency section */
		266BF0972850206700E21A21 /* FirebaseFirestore */ = {
			isa = XCSwiftPackageProductDependency;
			package = 266BF0962850206700E21A21 /* XCRemoteSwiftPackageReference "firebase-ios-sdk" */;
			productName = FirebaseFirestore;
		};
/* End XCSwiftPackageProductDependency section */
	};
	rootObject = 264688BC28499CAB006E2E80 /* Project object */;
}
